
Microsoft Visual Studio Solution File, Format Version 12.00
# Visual Studio Version 17
VisualStudioVersion = 17.13.35825.156
MinimumVisualStudioVersion = 10.0.40219.1
Project("{FAE04EC0-301F-11D3-BF4B-00C04F79EFBC}") = "BillingApp.WebApi", "BillingApp.WebApi\BillingApp.WebApi.csproj", "{6B14E5F9-492C-409A-BE7C-FE064F762C72}"
EndProject
Project("{FAE04EC0-301F-11D3-BF4B-00C04F79EFBC}") = "BillingApp.Application", "BillingApp.Application\BillingApp.Application.csproj", "{9ACA7D20-B968-4E6B-B9E3-F4FD6D5DF93F}"
EndProject
Project("{FAE04EC0-301F-11D3-BF4B-00C04F79EFBC}") = "BillingApp.Infrastructure", "BillingApp.Infrastructure\BillingApp.Infrastructure.csproj", "{F8FFE486-567B-4EA5-8B20-7E839B2B5FE6}"
EndProject
Project("{FAE04EC0-301F-11D3-BF4B-00C04F79EFBC}") = "BillingApp.Tests", "BillingApp.Tests\BillingApp.Tests.csproj", "{129B6D2A-0A28-4499-8451-A8910D2B2729}"
EndProject
Global
	GlobalSection(SolutionConfigurationPlatforms) = preSolution
		Debug|Any CPU = Debug|Any CPU
		Debug|x64 = Debug|x64
		Debug|x86 = Debug|x86
		Release|Any CPU = Release|Any CPU
		Release|x64 = Release|x64
		Release|x86 = Release|x86
	EndGlobalSection
	GlobalSection(ProjectConfigurationPlatforms) = postSolution
		{6B14E5F9-492C-409A-BE7C-FE064F762C72}.Debug|Any CPU.ActiveCfg = Debug|Any CPU
		{6B14E5F9-492C-409A-BE7C-FE064F762C72}.Debug|Any CPU.Build.0 = Debug|Any CPU
		{6B14E5F9-492C-409A-BE7C-FE064F762C72}.Debug|x64.ActiveCfg = Debug|Any CPU
		{6B14E5F9-492C-409A-BE7C-FE064F762C72}.Debug|x64.Build.0 = Debug|Any CPU
		{6B14E5F9-492C-409A-BE7C-FE064F762C72}.Debug|x86.ActiveCfg = Debug|Any CPU
		{6B14E5F9-492C-409A-BE7C-FE064F762C72}.Debug|x86.Build.0 = Debug|Any CPU
		{6B14E5F9-492C-409A-BE7C-FE064F762C72}.Release|Any CPU.ActiveCfg = Release|Any CPU
		{6B14E5F9-492C-409A-BE7C-FE064F762C72}.Release|Any CPU.Build.0 = Release|Any CPU
		{6B14E5F9-492C-409A-BE7C-FE064F762C72}.Release|x64.ActiveCfg = Release|Any CPU
		{6B14E5F9-492C-409A-BE7C-FE064F762C72}.Release|x64.Build.0 = Release|Any CPU
		{6B14E5F9-492C-409A-BE7C-FE064F762C72}.Release|x86.ActiveCfg = Release|Any CPU
		{6B14E5F9-492C-409A-BE7C-FE064F762C72}.Release|x86.Build.0 = Release|Any CPU
		{9ACA7D20-B968-4E6B-B9E3-F4FD6D5DF93F}.Debug|Any CPU.ActiveCfg = Debug|Any CPU
		{9ACA7D20-B968-4E6B-B9E3-F4FD6D5DF93F}.Debug|Any CPU.Build.0 = Debug|Any CPU
		{9ACA7D20-B968-4E6B-B9E3-F4FD6D5DF93F}.Debug|x64.ActiveCfg = Debug|Any CPU
		{9ACA7D20-B968-4E6B-B9E3-F4FD6D5DF93F}.Debug|x64.Build.0 = Debug|Any CPU
		{9ACA7D20-B968-4E6B-B9E3-F4FD6D5DF93F}.Debug|x86.ActiveCfg = Debug|Any CPU
		{9ACA7D20-B968-4E6B-B9E3-F4FD6D5DF93F}.Debug|x86.Build.0 = Debug|Any CPU
		{9ACA7D20-B968-4E6B-B9E3-F4FD6D5DF93F}.Release|Any CPU.ActiveCfg = Release|Any CPU
		{9ACA7D20-B968-4E6B-B9E3-F4FD6D5DF93F}.Release|Any CPU.Build.0 = Release|Any CPU
		{9ACA7D20-B968-4E6B-B9E3-F4FD6D5DF93F}.Release|x64.ActiveCfg = Release|Any CPU
		{9ACA7D20-B968-4E6B-B9E3-F4FD6D5DF93F}.Release|x64.Build.0 = Release|Any CPU
		{9ACA7D20-B968-4E6B-B9E3-F4FD6D5DF93F}.Release|x86.ActiveCfg = Release|Any CPU
		{9ACA7D20-B968-4E6B-B9E3-F4FD6D5DF93F}.Release|x86.Build.0 = Release|Any CPU
		{F8FFE486-567B-4EA5-8B20-7E839B2B5FE6}.Debug|Any CPU.ActiveCfg = Debug|Any CPU
		{F8FFE486-567B-4EA5-8B20-7E839B2B5FE6}.Debug|Any CPU.Build.0 = Debug|Any CPU
		{F8FFE486-567B-4EA5-8B20-7E839B2B5FE6}.Debug|x64.ActiveCfg = Debug|Any CPU
		{F8FFE486-567B-4EA5-8B20-7E839B2B5FE6}.Debug|x64.Build.0 = Debug|Any CPU
		{F8FFE486-567B-4EA5-8B20-7E839B2B5FE6}.Debug|x86.ActiveCfg = Debug|Any CPU
		{F8FFE486-567B-4EA5-8B20-7E839B2B5FE6}.Debug|x86.Build.0 = Debug|Any CPU
		{F8FFE486-567B-4EA5-8B20-7E839B2B5FE6}.Release|Any CPU.ActiveCfg = Release|Any CPU
		{F8FFE486-567B-4EA5-8B20-7E839B2B5FE6}.Release|Any CPU.Build.0 = Release|Any CPU
		{F8FFE486-567B-4EA5-8B20-7E839B2B5FE6}.Release|x64.ActiveCfg = Release|Any CPU
		{F8FFE486-567B-4EA5-8B20-7E839B2B5FE6}.Release|x64.Build.0 = Release|Any CPU
		{F8FFE486-567B-4EA5-8B20-7E839B2B5FE6}.Release|x86.ActiveCfg = Release|Any CPU
		{F8FFE486-567B-4EA5-8B20-7E839B2B5FE6}.Release|x86.Build.0 = Release|Any CPU
		{129B6D2A-0A28-4499-8451-A8910D2B2729}.Debug|Any CPU.ActiveCfg = Debug|Any CPU
		{129B6D2A-0A28-4499-8451-A8910D2B2729}.Debug|Any CPU.Build.0 = Debug|Any CPU
		{129B6D2A-0A28-4499-8451-A8910D2B2729}.Debug|x64.ActiveCfg = Debug|Any CPU
		{129B6D2A-0A28-4499-8451-A8910D2B2729}.Debug|x64.Build.0 = Debug|Any CPU
		{129B6D2A-0A28-4499-8451-A8910D2B2729}.Debug|x86.ActiveCfg = Debug|Any CPU
		{129B6D2A-0A28-4499-8451-A8910D2B2729}.Debug|x86.Build.0 = Debug|Any CPU
		{129B6D2A-0A28-4499-8451-A8910D2B2729}.Release|Any CPU.ActiveCfg = Release|Any CPU
		{129B6D2A-0A28-4499-8451-A8910D2B2729}.Release|Any CPU.Build.0 = Release|Any CPU
		{129B6D2A-0A28-4499-8451-A8910D2B2729}.Release|x64.ActiveCfg = Release|Any CPU
		{129B6D2A-0A28-4499-8451-A8910D2B2729}.Release|x64.Build.0 = Release|Any CPU
		{129B6D2A-0A28-4499-8451-A8910D2B2729}.Release|x86.ActiveCfg = Release|Any CPU
		{129B6D2A-0A28-4499-8451-A8910D2B2729}.Release|x86.Build.0 = Release|Any CPU
	EndGlobalSection
	GlobalSection(SolutionProperties) = preSolution
		HideSolutionNode = FALSE
	EndGlobalSection
	GlobalSection(ExtensibilityGlobals) = postSolution
		SolutionGuid = {A5465BB4-2C1A-4F03-AC32-A91975B07B4D}
	EndGlobalSection
EndGlobal
